{
  "version": "3",
  "packages": {
    "specifiers": {
      "jsr:@dewars/timsort@^1.0.3": "jsr:@dewars/timsort@1.0.3",
      "jsr:@std/assert@^0.225.3": "jsr:@std/assert@0.225.3",
      "jsr:@std/data-structures@^0.224.1": "jsr:@std/data-structures@0.224.1",
      "jsr:@std/expect@^0.224.2": "jsr:@std/expect@0.224.2",
      "jsr:@std/internal@^1.0.0": "jsr:@std/internal@1.0.0"
    },
    "jsr": {
      "@dewars/timsort@1.0.3": {
        "integrity": "aa3b15bca050611c2ba50bb1cd5db6e1de8e96c8033c0df6467c1a32ffe4e4fe"
      },
      "@std/assert@0.225.3": {
        "integrity": "b3c2847aecf6955b50644cdb9cf072004ea3d1998dd7579fc0acb99dbb23bd4f",
        "dependencies": [
          "jsr:@std/internal@^1.0.0"
        ]
      },
      "@std/data-structures@0.224.1": {
        "integrity": "266365f90014e5c52bccf1eadd65f7782a2af2c84e4052ef8316698a3572cac3"
      },
      "@std/expect@0.224.2": {
        "integrity": "789ba764319503b1669b54fad2d279f35fe708247548878c5fb44e0cacc40a8e",
        "dependencies": [
          "jsr:@std/assert@^0.225.3",
          "jsr:@std/internal@^1.0.0"
        ]
      },
      "@std/internal@1.0.0": {
        "integrity": "ac6a6dfebf838582c4b4f61a6907374e27e05bedb6ce276e0f1608fe84e7cd9a"
      }
    }
  },
  "remote": {},
  "workspace": {
    "dependencies": [
      "jsr:@dewars/timsort@^1.0.3",
      "jsr:@std/assert@^0.225.3",
      "jsr:@std/data-structures@^0.224.1",
      "jsr:@std/expect@^0.224.2"
    ]
  }
}
